// !$*UTF8*$!
{
	archiveVersion = 1;
	classes = {
	};
	objectVersion = 51;
	objects = {

/* Begin PBXBuildFile section */
		54DCBCE0CF9C24885F028F4F /* Pods_NearbyUITests.framework in Frameworks */ = {isa = PBXBuildFile; fileRef = C5DCFBB5C86F39C1FCAF6492 /* Pods_NearbyUITests.framework */; };
		6B1C2E5420B8669600B97392 /* PlaceDetailViewModel.swift in Sources */ = {isa = PBXBuildFile; fileRef = 6B1C2E5320B8669600B97392 /* PlaceDetailViewModel.swift */; };
		6B7EB5D720B7096700ABA323 /* UICollectionView+Additions.swift in Sources */ = {isa = PBXBuildFile; fileRef = 6B7EB5D620B7096700ABA323 /* UICollectionView+Additions.swift */; };
		6BC507E020B53CE500625B72 /* PlaceListController.swift in Sources */ = {isa = PBXBuildFile; fileRef = 6BC507DF20B53CE500625B72 /* PlaceListController.swift */; };
		6BC507E220B53E2100625B72 /* PlaceListViewModel.swift in Sources */ = {isa = PBXBuildFile; fileRef = 6BC507E120B53E2100625B72 /* PlaceListViewModel.swift */; };
		6BC507E620B540FA00625B72 /* PlaceTableCell.swift in Sources */ = {isa = PBXBuildFile; fileRef = 6BC507E420B540FA00625B72 /* PlaceTableCell.swift */; };
		6BC507E720B540FA00625B72 /* PlaceTableCell.xib in Resources */ = {isa = PBXBuildFile; fileRef = 6BC507E520B540FA00625B72 /* PlaceTableCell.xib */; };
		930FE4AF20A088E5009924CA /* AppDelegate.swift in Sources */ = {isa = PBXBuildFile; fileRef = 930FE4AE20A088E5009924CA /* AppDelegate.swift */; };
		930FE4B120A088E5009924CA /* HomeViewController.swift in Sources */ = {isa = PBXBuildFile; fileRef = 930FE4B020A088E5009924CA /* HomeViewController.swift */; };
		930FE4B420A088E5009924CA /* Main.storyboard in Resources */ = {isa = PBXBuildFile; fileRef = 930FE4B220A088E5009924CA /* Main.storyboard */; };
		930FE4B620A088E7009924CA /* Assets.xcassets in Resources */ = {isa = PBXBuildFile; fileRef = 930FE4B520A088E7009924CA /* Assets.xcassets */; };
		930FE4B920A088E7009924CA /* LaunchScreen.storyboard in Resources */ = {isa = PBXBuildFile; fileRef = 930FE4B720A088E7009924CA /* LaunchScreen.storyboard */; };
		930FE4C420A088E7009924CA /* NearbyTests.swift in Sources */ = {isa = PBXBuildFile; fileRef = 930FE4C320A088E7009924CA /* NearbyTests.swift */; };
		930FE4CF20A088E7009924CA /* NearbyUITests.swift in Sources */ = {isa = PBXBuildFile; fileRef = 930FE4CE20A088E7009924CA /* NearbyUITests.swift */; };
		930FE4E920A089AE009924CA /* AppConstants.swift in Sources */ = {isa = PBXBuildFile; fileRef = 930FE4E020A089AE009924CA /* AppConstants.swift */; };
		930FE4EA20A089AE009924CA /* AlertManager.swift in Sources */ = {isa = PBXBuildFile; fileRef = 930FE4E220A089AE009924CA /* AlertManager.swift */; };
		930FE4EB20A089AE009924CA /* LocationManager.swift in Sources */ = {isa = PBXBuildFile; fileRef = 930FE4E320A089AE009924CA /* LocationManager.swift */; };
		930FE4EC20A089AE009924CA /* WebServiceManager.swift in Sources */ = {isa = PBXBuildFile; fileRef = 930FE4E520A089AE009924CA /* WebServiceManager.swift */; };
		930FE4ED20A089AE009924CA /* PlaceWebService.swift in Sources */ = {isa = PBXBuildFile; fileRef = 930FE4E620A089AE009924CA /* PlaceWebService.swift */; };
		93291B2C247AB856000D58E4 /* PlaceDetailController.swift in Sources */ = {isa = PBXBuildFile; fileRef = 93291B2B247AB856000D58E4 /* PlaceDetailController.swift */; };
		9352D9B82467AAD700341AD0 /* ImageAndLabelCollectionCell.xib in Resources */ = {isa = PBXBuildFile; fileRef = 9352D9B72467AAD700341AD0 /* ImageAndLabelCollectionCell.xib */; };
		93736F8220B17B6500825B5A /* ImageAndLabelCollectionCell.swift in Sources */ = {isa = PBXBuildFile; fileRef = 93736F8020B17B6500825B5A /* ImageAndLabelCollectionCell.swift */; };
		93736F8520B17EC600825B5A /* ImageAndLabelCollectionCellVM.swift in Sources */ = {isa = PBXBuildFile; fileRef = 93736F8420B17EC600825B5A /* ImageAndLabelCollectionCellVM.swift */; };
		93736F8720B2C34400825B5A /* CategoriesTableCollectionCellVM.swift in Sources */ = {isa = PBXBuildFile; fileRef = 93736F8620B2C34400825B5A /* CategoriesTableCollectionCellVM.swift */; };
		93C604392495149A0013C9B9 /* PlaceTableCellVM.swift in Sources */ = {isa = PBXBuildFile; fileRef = 93C604382495149A0013C9B9 /* PlaceTableCellVM.swift */; };
		93FDABFB20A8422900750B1D /* HomeViewModel.swift in Sources */ = {isa = PBXBuildFile; fileRef = 93FDABFA20A8422900750B1D /* HomeViewModel.swift */; };
		93FDAC0B20A868A400750B1D /* Place.swift in Sources */ = {isa = PBXBuildFile; fileRef = 93FDAC0A20A868A400750B1D /* Place.swift */; };
		93FDAC0E20A873F800750B1D /* UITableView+Additions.swift in Sources */ = {isa = PBXBuildFile; fileRef = 93FDAC0D20A873F800750B1D /* UITableView+Additions.swift */; };
		93FDAC1320A8746600750B1D /* PaginationCell.swift in Sources */ = {isa = PBXBuildFile; fileRef = 93FDAC1120A8746600750B1D /* PaginationCell.swift */; };
		93FDAC1420A8746600750B1D /* PaginationCell.xib in Resources */ = {isa = PBXBuildFile; fileRef = 93FDAC1220A8746600750B1D /* PaginationCell.xib */; };
		93FDAC1720A877BC00750B1D /* CollectionTableCell.swift in Sources */ = {isa = PBXBuildFile; fileRef = 93FDAC1520A877BC00750B1D /* CollectionTableCell.swift */; };
		93FDAC1820A877BC00750B1D /* CollectionTableCell.xib in Resources */ = {isa = PBXBuildFile; fileRef = 93FDAC1620A877BC00750B1D /* CollectionTableCell.xib */; };
		93FDAC1E20A94D5C00750B1D /* PlaceView.swift in Sources */ = {isa = PBXBuildFile; fileRef = 93FDAC1D20A94D5C00750B1D /* PlaceView.swift */; };
		93FDAC2020A94D7F00750B1D /* PlaceView.xib in Resources */ = {isa = PBXBuildFile; fileRef = 93FDAC1F20A94D7F00750B1D /* PlaceView.xib */; };
		93FDAC2320A950D500750B1D /* PaginationCellVM.swift in Sources */ = {isa = PBXBuildFile; fileRef = 93FDAC2220A950D500750B1D /* PaginationCellVM.swift */; };
		93FDAC2520A950E800750B1D /* PlacesTableCollectionCellVM.swift in Sources */ = {isa = PBXBuildFile; fileRef = 93FDAC2420A950E800750B1D /* PlacesTableCollectionCellVM.swift */; };
		93FDAC2720A950FD00750B1D /* PlaceViewVM.swift in Sources */ = {isa = PBXBuildFile; fileRef = 93FDAC2620A950FD00750B1D /* PlaceViewVM.swift */; };
		93FDAC2A20AA7F0300750B1D /* Helper.swift in Sources */ = {isa = PBXBuildFile; fileRef = 93FDAC2920AA7F0300750B1D /* Helper.swift */; };
		9648C79AAFCA08ADA44B48E8 /* Pods_NearbyTests.framework in Frameworks */ = {isa = PBXBuildFile; fileRef = 8BF893099E683E5215C57C22 /* Pods_NearbyTests.framework */; };
		9E593F08CEF66783BE3ABC0D /* Pods_Nearby.framework in Frameworks */ = {isa = PBXBuildFile; fileRef = ABBF01FFBDCD702DF27A7C81 /* Pods_Nearby.framework */; };
/* End PBXBuildFile section */

/* Begin PBXContainerItemProxy section */
		930FE4C020A088E7009924CA /* PBXContainerItemProxy */ = {
			isa = PBXContainerItemProxy;
			containerPortal = 930FE4A320A088E5009924CA /* Project object */;
			proxyType = 1;
			remoteGlobalIDString = 930FE4AA20A088E5009924CA;
			remoteInfo = Nearby;
		};
		930FE4CB20A088E7009924CA /* PBXContainerItemProxy */ = {
			isa = PBXContainerItemProxy;
			containerPortal = 930FE4A320A088E5009924CA /* Project object */;
			proxyType = 1;
			remoteGlobalIDString = 930FE4AA20A088E5009924CA;
			remoteInfo = Nearby;
		};
/* End PBXContainerItemProxy section */

/* Begin PBXFileReference section */
		2699C72BB62BE3C1AF2D32B6 /* Pods-NearbyUITests.debug.xcconfig */ = {isa = PBXFileReference; includeInIndex = 1; lastKnownFileType = text.xcconfig; name = "Pods-NearbyUITests.debug.xcconfig"; path = "Pods/Target Support Files/Pods-NearbyUITests/Pods-NearbyUITests.debug.xcconfig"; sourceTree = "<group>"; };
		4B7CDE84B13B18767FC81AB4 /* Pods-Nearby.debug.xcconfig */ = {isa = PBXFileReference; includeInIndex = 1; lastKnownFileType = text.xcconfig; name = "Pods-Nearby.debug.xcconfig"; path = "Pods/Target Support Files/Pods-Nearby/Pods-Nearby.debug.xcconfig"; sourceTree = "<group>"; };
		6B1C2E5320B8669600B97392 /* PlaceDetailViewModel.swift */ = {isa = PBXFileReference; lastKnownFileType = sourcecode.swift; name = PlaceDetailViewModel.swift; path = ../ViewModel/PlaceDetail/PlaceDetailViewModel.swift; sourceTree = "<group>"; };
		6B7EB5D620B7096700ABA323 /* UICollectionView+Additions.swift */ = {isa = PBXFileReference; lastKnownFileType = sourcecode.swift; path = "UICollectionView+Additions.swift"; sourceTree = "<group>"; };
		6BC507DA20B46FE800625B72 /* SonyWorld.gpx */ = {isa = PBXFileReference; lastKnownFileType = text.xml; path = SonyWorld.gpx; sourceTree = "<group>"; };
		6BC507DF20B53CE500625B72 /* PlaceListController.swift */ = {isa = PBXFileReference; lastKnownFileType = sourcecode.swift; path = PlaceListController.swift; sourceTree = "<group>"; };
		6BC507E120B53E2100625B72 /* PlaceListViewModel.swift */ = {isa = PBXFileReference; lastKnownFileType = sourcecode.swift; name = PlaceListViewModel.swift; path = ../../ViewModel/PlaceList/Controller/PlaceListViewModel.swift; sourceTree = "<group>"; };
		6BC507E420B540FA00625B72 /* PlaceTableCell.swift */ = {isa = PBXFileReference; lastKnownFileType = sourcecode.swift; path = PlaceTableCell.swift; sourceTree = "<group>"; };
		6BC507E520B540FA00625B72 /* PlaceTableCell.xib */ = {isa = PBXFileReference; lastKnownFileType = file.xib; path = PlaceTableCell.xib; sourceTree = "<group>"; };
		725D912AB3FA7E3D82295F77 /* Pods-NearbyTests.debug.xcconfig */ = {isa = PBXFileReference; includeInIndex = 1; lastKnownFileType = text.xcconfig; name = "Pods-NearbyTests.debug.xcconfig"; path = "Pods/Target Support Files/Pods-NearbyTests/Pods-NearbyTests.debug.xcconfig"; sourceTree = "<group>"; };
		7C49B72AB9096F2410012576 /* Pods-NearbyUITests.release.xcconfig */ = {isa = PBXFileReference; includeInIndex = 1; lastKnownFileType = text.xcconfig; name = "Pods-NearbyUITests.release.xcconfig"; path = "Pods/Target Support Files/Pods-NearbyUITests/Pods-NearbyUITests.release.xcconfig"; sourceTree = "<group>"; };
		8BF893099E683E5215C57C22 /* Pods_NearbyTests.framework */ = {isa = PBXFileReference; explicitFileType = wrapper.framework; includeInIndex = 0; path = Pods_NearbyTests.framework; sourceTree = BUILT_PRODUCTS_DIR; };
		8FA8DA42E62A8A590F6B7B7E /* Pods-Nearby.release.xcconfig */ = {isa = PBXFileReference; includeInIndex = 1; lastKnownFileType = text.xcconfig; name = "Pods-Nearby.release.xcconfig"; path = "Pods/Target Support Files/Pods-Nearby/Pods-Nearby.release.xcconfig"; sourceTree = "<group>"; };
		930FE4AB20A088E5009924CA /* Nearby.app */ = {isa = PBXFileReference; explicitFileType = wrapper.application; includeInIndex = 0; path = Nearby.app; sourceTree = BUILT_PRODUCTS_DIR; };
		930FE4AE20A088E5009924CA /* AppDelegate.swift */ = {isa = PBXFileReference; lastKnownFileType = sourcecode.swift; path = AppDelegate.swift; sourceTree = "<group>"; };
		930FE4B020A088E5009924CA /* HomeViewController.swift */ = {isa = PBXFileReference; lastKnownFileType = sourcecode.swift; path = HomeViewController.swift; sourceTree = "<group>"; };
		930FE4B320A088E5009924CA /* Base */ = {isa = PBXFileReference; lastKnownFileType = file.storyboard; name = Base; path = Base.lproj/Main.storyboard; sourceTree = "<group>"; };
		930FE4B520A088E7009924CA /* Assets.xcassets */ = {isa = PBXFileReference; lastKnownFileType = folder.assetcatalog; path = Assets.xcassets; sourceTree = "<group>"; };
		930FE4B820A088E7009924CA /* Base */ = {isa = PBXFileReference; lastKnownFileType = file.storyboard; name = Base; path = Base.lproj/LaunchScreen.storyboard; sourceTree = "<group>"; };
		930FE4BA20A088E7009924CA /* Info.plist */ = {isa = PBXFileReference; lastKnownFileType = text.plist.xml; path = Info.plist; sourceTree = "<group>"; };
		930FE4BF20A088E7009924CA /* NearbyTests.xctest */ = {isa = PBXFileReference; explicitFileType = wrapper.cfbundle; includeInIndex = 0; path = NearbyTests.xctest; sourceTree = BUILT_PRODUCTS_DIR; };
		930FE4C320A088E7009924CA /* NearbyTests.swift */ = {isa = PBXFileReference; lastKnownFileType = sourcecode.swift; path = NearbyTests.swift; sourceTree = "<group>"; };
		930FE4C520A088E7009924CA /* Info.plist */ = {isa = PBXFileReference; lastKnownFileType = text.plist.xml; path = Info.plist; sourceTree = "<group>"; };
		930FE4CA20A088E7009924CA /* NearbyUITests.xctest */ = {isa = PBXFileReference; explicitFileType = wrapper.cfbundle; includeInIndex = 0; path = NearbyUITests.xctest; sourceTree = BUILT_PRODUCTS_DIR; };
		930FE4CE20A088E7009924CA /* NearbyUITests.swift */ = {isa = PBXFileReference; lastKnownFileType = sourcecode.swift; path = NearbyUITests.swift; sourceTree = "<group>"; };
		930FE4D020A088E7009924CA /* Info.plist */ = {isa = PBXFileReference; lastKnownFileType = text.plist.xml; path = Info.plist; sourceTree = "<group>"; };
		930FE4E020A089AE009924CA /* AppConstants.swift */ = {isa = PBXFileReference; fileEncoding = 4; lastKnownFileType = sourcecode.swift; path = AppConstants.swift; sourceTree = "<group>"; };
		930FE4E220A089AE009924CA /* AlertManager.swift */ = {isa = PBXFileReference; fileEncoding = 4; lastKnownFileType = sourcecode.swift; path = AlertManager.swift; sourceTree = "<group>"; };
		930FE4E320A089AE009924CA /* LocationManager.swift */ = {isa = PBXFileReference; fileEncoding = 4; lastKnownFileType = sourcecode.swift; path = LocationManager.swift; sourceTree = "<group>"; };
		930FE4E520A089AE009924CA /* WebServiceManager.swift */ = {isa = PBXFileReference; fileEncoding = 4; lastKnownFileType = sourcecode.swift; path = WebServiceManager.swift; sourceTree = "<group>"; };
		930FE4E620A089AE009924CA /* PlaceWebService.swift */ = {isa = PBXFileReference; fileEncoding = 4; lastKnownFileType = sourcecode.swift; path = PlaceWebService.swift; sourceTree = "<group>"; };
		93291B2B247AB856000D58E4 /* PlaceDetailController.swift */ = {isa = PBXFileReference; lastKnownFileType = sourcecode.swift; path = PlaceDetailController.swift; sourceTree = "<group>"; };
		9352D9B72467AAD700341AD0 /* ImageAndLabelCollectionCell.xib */ = {isa = PBXFileReference; lastKnownFileType = file.xib; path = ImageAndLabelCollectionCell.xib; sourceTree = "<group>"; };
		93736F8020B17B6500825B5A /* ImageAndLabelCollectionCell.swift */ = {isa = PBXFileReference; lastKnownFileType = sourcecode.swift; path = ImageAndLabelCollectionCell.swift; sourceTree = "<group>"; };
		93736F8420B17EC600825B5A /* ImageAndLabelCollectionCellVM.swift */ = {isa = PBXFileReference; lastKnownFileType = sourcecode.swift; name = ImageAndLabelCollectionCellVM.swift; path = ../../../ViewModel/Home/Cell/ImageAndLabelCollectionCellVM.swift; sourceTree = "<group>"; };
		93736F8620B2C34400825B5A /* CategoriesTableCollectionCellVM.swift */ = {isa = PBXFileReference; lastKnownFileType = sourcecode.swift; name = CategoriesTableCollectionCellVM.swift; path = ../../ViewModel/Home/Cell/CategoriesTableCollectionCellVM.swift; sourceTree = "<group>"; };
		93C604382495149A0013C9B9 /* PlaceTableCellVM.swift */ = {isa = PBXFileReference; lastKnownFileType = sourcecode.swift; path = PlaceTableCellVM.swift; sourceTree = "<group>"; };
		93FDABFA20A8422900750B1D /* HomeViewModel.swift */ = {isa = PBXFileReference; lastKnownFileType = sourcecode.swift; name = HomeViewModel.swift; path = ../../ViewModel/Home/Controller/HomeViewModel.swift; sourceTree = "<group>"; };
		93FDAC0A20A868A400750B1D /* Place.swift */ = {isa = PBXFileReference; lastKnownFileType = sourcecode.swift; name = Place.swift; path = ../../Model/Home/Place.swift; sourceTree = "<group>"; };
		93FDAC0D20A873F800750B1D /* UITableView+Additions.swift */ = {isa = PBXFileReference; fileEncoding = 4; lastKnownFileType = sourcecode.swift; path = "UITableView+Additions.swift"; sourceTree = "<group>"; };
		93FDAC1120A8746600750B1D /* PaginationCell.swift */ = {isa = PBXFileReference; lastKnownFileType = sourcecode.swift; path = PaginationCell.swift; sourceTree = "<group>"; };
		93FDAC1220A8746600750B1D /* PaginationCell.xib */ = {isa = PBXFileReference; lastKnownFileType = file.xib; path = PaginationCell.xib; sourceTree = "<group>"; };
		93FDAC1520A877BC00750B1D /* CollectionTableCell.swift */ = {isa = PBXFileReference; lastKnownFileType = sourcecode.swift; path = CollectionTableCell.swift; sourceTree = "<group>"; };
		93FDAC1620A877BC00750B1D /* CollectionTableCell.xib */ = {isa = PBXFileReference; lastKnownFileType = file.xib; path = CollectionTableCell.xib; sourceTree = "<group>"; };
		93FDAC1D20A94D5C00750B1D /* PlaceView.swift */ = {isa = PBXFileReference; lastKnownFileType = sourcecode.swift; path = PlaceView.swift; sourceTree = "<group>"; };
		93FDAC1F20A94D7F00750B1D /* PlaceView.xib */ = {isa = PBXFileReference; lastKnownFileType = file.xib; path = PlaceView.xib; sourceTree = "<group>"; };
		93FDAC2220A950D500750B1D /* PaginationCellVM.swift */ = {isa = PBXFileReference; lastKnownFileType = sourcecode.swift; name = PaginationCellVM.swift; path = ../../../ViewModel/Home/Cell/PaginationCellVM.swift; sourceTree = "<group>"; };
		93FDAC2420A950E800750B1D /* PlacesTableCollectionCellVM.swift */ = {isa = PBXFileReference; lastKnownFileType = sourcecode.swift; name = PlacesTableCollectionCellVM.swift; path = ../../ViewModel/Home/Cell/PlacesTableCollectionCellVM.swift; sourceTree = "<group>"; };
		93FDAC2620A950FD00750B1D /* PlaceViewVM.swift */ = {isa = PBXFileReference; lastKnownFileType = sourcecode.swift; name = PlaceViewVM.swift; path = ../../../ViewModel/Home/Cell/PlaceViewVM.swift; sourceTree = "<group>"; };
		93FDAC2920AA7F0300750B1D /* Helper.swift */ = {isa = PBXFileReference; lastKnownFileType = sourcecode.swift; path = Helper.swift; sourceTree = "<group>"; };
		9BCF51E687CFB91F0AC0C9C1 /* Pods-NearbyTests.release.xcconfig */ = {isa = PBXFileReference; includeInIndex = 1; lastKnownFileType = text.xcconfig; name = "Pods-NearbyTests.release.xcconfig"; path = "Pods/Target Support Files/Pods-NearbyTests/Pods-NearbyTests.release.xcconfig"; sourceTree = "<group>"; };
		ABBF01FFBDCD702DF27A7C81 /* Pods_Nearby.framework */ = {isa = PBXFileReference; explicitFileType = wrapper.framework; includeInIndex = 0; path = Pods_Nearby.framework; sourceTree = BUILT_PRODUCTS_DIR; };
		C5DCFBB5C86F39C1FCAF6492 /* Pods_NearbyUITests.framework */ = {isa = PBXFileReference; explicitFileType = wrapper.framework; includeInIndex = 0; path = Pods_NearbyUITests.framework; sourceTree = BUILT_PRODUCTS_DIR; };
/* End PBXFileReference section */

/* Begin PBXFrameworksBuildPhase section */
		930FE4A820A088E5009924CA /* Frameworks */ = {
			isa = PBXFrameworksBuildPhase;
			buildActionMask = 2147483647;
			files = (
				9E593F08CEF66783BE3ABC0D /* Pods_Nearby.framework in Frameworks */,
			);
			runOnlyForDeploymentPostprocessing = 0;
		};
		930FE4BC20A088E7009924CA /* Frameworks */ = {
			isa = PBXFrameworksBuildPhase;
			buildActionMask = 2147483647;
			files = (
				9648C79AAFCA08ADA44B48E8 /* Pods_NearbyTests.framework in Frameworks */,
			);
			runOnlyForDeploymentPostprocessing = 0;
		};
		930FE4C720A088E7009924CA /* Frameworks */ = {
			isa = PBXFrameworksBuildPhase;
			buildActionMask = 2147483647;
			files = (
				54DCBCE0CF9C24885F028F4F /* Pods_NearbyUITests.framework in Frameworks */,
			);
			runOnlyForDeploymentPostprocessing = 0;
		};
/* End PBXFrameworksBuildPhase section */

/* Begin PBXGroup section */
		2360F4656DE5FC783A5D4C7F /* Frameworks */ = {
			isa = PBXGroup;
			children = (
				ABBF01FFBDCD702DF27A7C81 /* Pods_Nearby.framework */,
				8BF893099E683E5215C57C22 /* Pods_NearbyTests.framework */,
				C5DCFBB5C86F39C1FCAF6492 /* Pods_NearbyUITests.framework */,
			);
			name = Frameworks;
			sourceTree = "<group>";
		};
		6B1C2E4F20B858AD00B97392 /* PlaceDetail */ = {
			isa = PBXGroup;
			children = (
				6B1C2E5320B8669600B97392 /* PlaceDetailViewModel.swift */,
				93291B2B247AB856000D58E4 /* PlaceDetailController.swift */,
			);
			path = PlaceDetail;
			sourceTree = "<group>";
		};
		6BC507D920B46FC400625B72 /* Resources */ = {
			isa = PBXGroup;
			children = (
				930FE4B520A088E7009924CA /* Assets.xcassets */,
				6BC507DA20B46FE800625B72 /* SonyWorld.gpx */,
			);
			path = Resources;
			sourceTree = "<group>";
		};
		6BC507DD20B5284000625B72 /* PlaceList */ = {
			isa = PBXGroup;
			children = (
				6BC507DE20B5284700625B72 /* Controller */,
				6BC507E320B540D800625B72 /* Cell */,
			);
			path = PlaceList;
			sourceTree = "<group>";
		};
		6BC507DE20B5284700625B72 /* Controller */ = {
			isa = PBXGroup;
			children = (
				6BC507DF20B53CE500625B72 /* PlaceListController.swift */,
				6BC507E120B53E2100625B72 /* PlaceListViewModel.swift */,
			);
			path = Controller;
			sourceTree = "<group>";
		};
		6BC507E320B540D800625B72 /* Cell */ = {
			isa = PBXGroup;
			children = (
				6BC507E420B540FA00625B72 /* PlaceTableCell.swift */,
				6BC507E520B540FA00625B72 /* PlaceTableCell.xib */,
				93C604382495149A0013C9B9 /* PlaceTableCellVM.swift */,
			);
			path = Cell;
			sourceTree = "<group>";
		};
		82BDDA1A91CDA8C7D9B79B85 /* Pods */ = {
			isa = PBXGroup;
			children = (
				4B7CDE84B13B18767FC81AB4 /* Pods-Nearby.debug.xcconfig */,
				8FA8DA42E62A8A590F6B7B7E /* Pods-Nearby.release.xcconfig */,
				725D912AB3FA7E3D82295F77 /* Pods-NearbyTests.debug.xcconfig */,
				9BCF51E687CFB91F0AC0C9C1 /* Pods-NearbyTests.release.xcconfig */,
				2699C72BB62BE3C1AF2D32B6 /* Pods-NearbyUITests.debug.xcconfig */,
				7C49B72AB9096F2410012576 /* Pods-NearbyUITests.release.xcconfig */,
			);
			name = Pods;
			sourceTree = "<group>";
		};
		930FE4A220A088E5009924CA = {
			isa = PBXGroup;
			children = (
				930FE4AD20A088E5009924CA /* Nearby */,
				930FE4C220A088E7009924CA /* NearbyTests */,
				930FE4CD20A088E7009924CA /* NearbyUITests */,
				930FE4AC20A088E5009924CA /* Products */,
				82BDDA1A91CDA8C7D9B79B85 /* Pods */,
				2360F4656DE5FC783A5D4C7F /* Frameworks */,
			);
			sourceTree = "<group>";
		};
		930FE4AC20A088E5009924CA /* Products */ = {
			isa = PBXGroup;
			children = (
				930FE4AB20A088E5009924CA /* Nearby.app */,
				930FE4BF20A088E7009924CA /* NearbyTests.xctest */,
				930FE4CA20A088E7009924CA /* NearbyUITests.xctest */,
			);
			name = Products;
			sourceTree = "<group>";
		};
		930FE4AD20A088E5009924CA /* Nearby */ = {
			isa = PBXGroup;
			children = (
				930FE4DC20A08947009924CA /* AppDelegate */,
				93FDAC0C20A873F800750B1D /* Extensions */,
				93FDAC2820AA7EF300750B1D /* Extras */,
				930FE4DD20A08957009924CA /* Modules */,
				930FE4F320A08A85009924CA /* Storyboard */,
				930FE4E120A089AE009924CA /* Manager */,
				930FE4E420A089AE009924CA /* WebService */,
				930FE4DF20A089AE009924CA /* Constants */,
				6BC507D920B46FC400625B72 /* Resources */,
				930FE4BA20A088E7009924CA /* Info.plist */,
			);
			path = Nearby;
			sourceTree = "<group>";
		};
		930FE4C220A088E7009924CA /* NearbyTests */ = {
			isa = PBXGroup;
			children = (
				930FE4C320A088E7009924CA /* NearbyTests.swift */,
				930FE4C520A088E7009924CA /* Info.plist */,
			);
			path = NearbyTests;
			sourceTree = "<group>";
		};
		930FE4CD20A088E7009924CA /* NearbyUITests */ = {
			isa = PBXGroup;
			children = (
				930FE4CE20A088E7009924CA /* NearbyUITests.swift */,
				930FE4D020A088E7009924CA /* Info.plist */,
			);
			path = NearbyUITests;
			sourceTree = "<group>";
		};
		930FE4DC20A08947009924CA /* AppDelegate */ = {
			isa = PBXGroup;
			children = (
				930FE4AE20A088E5009924CA /* AppDelegate.swift */,
			);
			path = AppDelegate;
			sourceTree = "<group>";
		};
		930FE4DD20A08957009924CA /* Modules */ = {
			isa = PBXGroup;
			children = (
				93FDABF720A800E700750B1D /* Home */,
				6BC507DD20B5284000625B72 /* PlaceList */,
				6B1C2E4F20B858AD00B97392 /* PlaceDetail */,
			);
			path = Modules;
			sourceTree = "<group>";
		};
		930FE4DF20A089AE009924CA /* Constants */ = {
			isa = PBXGroup;
			children = (
				930FE4E020A089AE009924CA /* AppConstants.swift */,
			);
			path = Constants;
			sourceTree = "<group>";
		};
		930FE4E120A089AE009924CA /* Manager */ = {
			isa = PBXGroup;
			children = (
				930FE4E220A089AE009924CA /* AlertManager.swift */,
				930FE4E320A089AE009924CA /* LocationManager.swift */,
			);
			path = Manager;
			sourceTree = "<group>";
		};
		930FE4E420A089AE009924CA /* WebService */ = {
			isa = PBXGroup;
			children = (
				930FE4E520A089AE009924CA /* WebServiceManager.swift */,
				930FE4E620A089AE009924CA /* PlaceWebService.swift */,
			);
			path = WebService;
			sourceTree = "<group>";
		};
		930FE4F320A08A85009924CA /* Storyboard */ = {
			isa = PBXGroup;
			children = (
				930FE4B220A088E5009924CA /* Main.storyboard */,
				930FE4B720A088E7009924CA /* LaunchScreen.storyboard */,
			);
			path = Storyboard;
			sourceTree = "<group>";
		};
		937252A4245B3CDE009B7807 /* PaginationCell */ = {
			isa = PBXGroup;
			children = (
				93FDAC2220A950D500750B1D /* PaginationCellVM.swift */,
				93FDAC1120A8746600750B1D /* PaginationCell.swift */,
				93FDAC1220A8746600750B1D /* PaginationCell.xib */,
			);
			path = PaginationCell;
			sourceTree = "<group>";
		};
		937252A5245B3CEA009B7807 /* CollectionTableCell */ = {
			isa = PBXGroup;
			children = (
				93FDAC1520A877BC00750B1D /* CollectionTableCell.swift */,
				93FDAC1620A877BC00750B1D /* CollectionTableCell.xib */,
			);
			path = CollectionTableCell;
			sourceTree = "<group>";
		};
		937252A6245B3CF6009B7807 /* PlaceView */ = {
			isa = PBXGroup;
			children = (
				93FDAC1D20A94D5C00750B1D /* PlaceView.swift */,
				93FDAC1F20A94D7F00750B1D /* PlaceView.xib */,
				93FDAC2620A950FD00750B1D /* PlaceViewVM.swift */,
			);
			path = PlaceView;
			sourceTree = "<group>";
		};
		937252A7245B3D11009B7807 /* ImageAndLabelCollectionCell */ = {
			isa = PBXGroup;
			children = (
				93736F8020B17B6500825B5A /* ImageAndLabelCollectionCell.swift */,
				9352D9B72467AAD700341AD0 /* ImageAndLabelCollectionCell.xib */,
				93736F8420B17EC600825B5A /* ImageAndLabelCollectionCellVM.swift */,
			);
			path = ImageAndLabelCollectionCell;
			sourceTree = "<group>";
		};
		937252A8245B3D6F009B7807 /* Model */ = {
			isa = PBXGroup;
			children = (
				93FDAC0A20A868A400750B1D /* Place.swift */,
			);
			path = Model;
			sourceTree = "<group>";
		};
		93736F7D20B17AAA00825B5A /* Controller */ = {
			isa = PBXGroup;
			children = (
				930FE4B020A088E5009924CA /* HomeViewController.swift */,
				93FDABFA20A8422900750B1D /* HomeViewModel.swift */,
			);
			path = Controller;
			sourceTree = "<group>";
		};
		93FDABF720A800E700750B1D /* Home */ = {
			isa = PBXGroup;
			children = (
				937252A8245B3D6F009B7807 /* Model */,
				93736F7D20B17AAA00825B5A /* Controller */,
				93FDAC2120A9502D00750B1D /* Cell */,
			);
			path = Home;
			sourceTree = "<group>";
		};
		93FDAC0C20A873F800750B1D /* Extensions */ = {
			isa = PBXGroup;
			children = (
				93FDAC0D20A873F800750B1D /* UITableView+Additions.swift */,
				6B7EB5D620B7096700ABA323 /* UICollectionView+Additions.swift */,
			);
			path = Extensions;
			sourceTree = "<group>";
		};
		93FDAC2120A9502D00750B1D /* Cell */ = {
			isa = PBXGroup;
			children = (
				93736F8620B2C34400825B5A /* CategoriesTableCollectionCellVM.swift */,
				93FDAC2420A950E800750B1D /* PlacesTableCollectionCellVM.swift */,
				937252A7245B3D11009B7807 /* ImageAndLabelCollectionCell */,
				937252A6245B3CF6009B7807 /* PlaceView */,
				937252A5245B3CEA009B7807 /* CollectionTableCell */,
				937252A4245B3CDE009B7807 /* PaginationCell */,
			);
			path = Cell;
			sourceTree = "<group>";
		};
		93FDAC2820AA7EF300750B1D /* Extras */ = {
			isa = PBXGroup;
			children = (
				93FDAC2920AA7F0300750B1D /* Helper.swift */,
			);
			path = Extras;
			sourceTree = "<group>";
		};
/* End PBXGroup section */

/* Begin PBXNativeTarget section */
		930FE4AA20A088E5009924CA /* Nearby */ = {
			isa = PBXNativeTarget;
			buildConfigurationList = 930FE4D320A088E7009924CA /* Build configuration list for PBXNativeTarget "Nearby" */;
			buildPhases = (
				7F8829675B3688C9A3421CFD /* [CP] Check Pods Manifest.lock */,
				930FE4A720A088E5009924CA /* Sources */,
				930FE4A820A088E5009924CA /* Frameworks */,
				930FE4A920A088E5009924CA /* Resources */,
				FDBCB99738645A9CD0517871 /* [CP] Embed Pods Frameworks */,
			);
			buildRules = (
			);
			dependencies = (
			);
			name = Nearby;
			productName = Nearby;
			productReference = 930FE4AB20A088E5009924CA /* Nearby.app */;
			productType = "com.apple.product-type.application";
		};
		930FE4BE20A088E7009924CA /* NearbyTests */ = {
			isa = PBXNativeTarget;
			buildConfigurationList = 930FE4D620A088E7009924CA /* Build configuration list for PBXNativeTarget "NearbyTests" */;
			buildPhases = (
				40C85F299499391E53D4DB3E /* [CP] Check Pods Manifest.lock */,
				930FE4BB20A088E7009924CA /* Sources */,
				930FE4BC20A088E7009924CA /* Frameworks */,
				930FE4BD20A088E7009924CA /* Resources */,
			);
			buildRules = (
			);
			dependencies = (
				930FE4C120A088E7009924CA /* PBXTargetDependency */,
			);
			name = NearbyTests;
			productName = NearbyTests;
			productReference = 930FE4BF20A088E7009924CA /* NearbyTests.xctest */;
			productType = "com.apple.product-type.bundle.unit-test";
		};
		930FE4C920A088E7009924CA /* NearbyUITests */ = {
			isa = PBXNativeTarget;
			buildConfigurationList = 930FE4D920A088E7009924CA /* Build configuration list for PBXNativeTarget "NearbyUITests" */;
			buildPhases = (
				0E433448BEE59B53B011A928 /* [CP] Check Pods Manifest.lock */,
				930FE4C620A088E7009924CA /* Sources */,
				930FE4C720A088E7009924CA /* Frameworks */,
				930FE4C820A088E7009924CA /* Resources */,
			);
			buildRules = (
			);
			dependencies = (
				930FE4CC20A088E7009924CA /* PBXTargetDependency */,
			);
			name = NearbyUITests;
			productName = NearbyUITests;
			productReference = 930FE4CA20A088E7009924CA /* NearbyUITests.xctest */;
			productType = "com.apple.product-type.bundle.ui-testing";
		};
/* End PBXNativeTarget section */

/* Begin PBXProject section */
		930FE4A320A088E5009924CA /* Project object */ = {
			isa = PBXProject;
			attributes = {
				LastSwiftUpdateCheck = 0930;
				LastUpgradeCheck = 0930;
				ORGANIZATIONNAME = Abhisek;
				TargetAttributes = {
					930FE4AA20A088E5009924CA = {
						CreatedOnToolsVersion = 9.3;
						LastSwiftMigration = 1120;
					};
					930FE4BE20A088E7009924CA = {
						CreatedOnToolsVersion = 9.3;
						LastSwiftMigration = 1120;
						TestTargetID = 930FE4AA20A088E5009924CA;
					};
					930FE4C920A088E7009924CA = {
						CreatedOnToolsVersion = 9.3;
						LastSwiftMigration = 1120;
						TestTargetID = 930FE4AA20A088E5009924CA;
					};
				};
			};
			buildConfigurationList = 930FE4A620A088E5009924CA /* Build configuration list for PBXProject "Nearby" */;
			compatibilityVersion = "Xcode 9.3";
			developmentRegion = en;
			hasScannedForEncodings = 0;
			knownRegions = (
				en,
				Base,
			);
			mainGroup = 930FE4A220A088E5009924CA;
			productRefGroup = 930FE4AC20A088E5009924CA /* Products */;
			projectDirPath = "";
			projectRoot = "";
			targets = (
				930FE4AA20A088E5009924CA /* Nearby */,
				930FE4BE20A088E7009924CA /* NearbyTests */,
				930FE4C920A088E7009924CA /* NearbyUITests */,
			);
		};
/* End PBXProject section */

/* Begin PBXResourcesBuildPhase section */
		930FE4A920A088E5009924CA /* Resources */ = {
			isa = PBXResourcesBuildPhase;
			buildActionMask = 2147483647;
			files = (
				6BC507E720B540FA00625B72 /* PlaceTableCell.xib in Resources */,
				930FE4B920A088E7009924CA /* LaunchScreen.storyboard in Resources */,
				9352D9B82467AAD700341AD0 /* ImageAndLabelCollectionCell.xib in Resources */,
				93FDAC1820A877BC00750B1D /* CollectionTableCell.xib in Resources */,
				93FDAC2020A94D7F00750B1D /* PlaceView.xib in Resources */,
				93FDAC1420A8746600750B1D /* PaginationCell.xib in Resources */,
				930FE4B620A088E7009924CA /* Assets.xcassets in Resources */,
				930FE4B420A088E5009924CA /* Main.storyboard in Resources */,
			);
			runOnlyForDeploymentPostprocessing = 0;
		};
		930FE4BD20A088E7009924CA /* Resources */ = {
			isa = PBXResourcesBuildPhase;
			buildActionMask = 2147483647;
			files = (
			);
			runOnlyForDeploymentPostprocessing = 0;
		};
		930FE4C820A088E7009924CA /* Resources */ = {
			isa = PBXResourcesBuildPhase;
			buildActionMask = 2147483647;
			files = (
			);
			runOnlyForDeploymentPostprocessing = 0;
		};
/* End PBXResourcesBuildPhase section */

/* Begin PBXShellScriptBuildPhase section */
		0E433448BEE59B53B011A928 /* [CP] Check Pods Manifest.lock */ = {
			isa = PBXShellScriptBuildPhase;
			buildActionMask = 2147483647;
			files = (
			);
			inputPaths = (
				"${PODS_PODFILE_DIR_PATH}/Podfile.lock",
				"${PODS_ROOT}/Manifest.lock",
			);
			name = "[CP] Check Pods Manifest.lock";
			outputPaths = (
				"$(DERIVED_FILE_DIR)/Pods-NearbyUITests-checkManifestLockResult.txt",
			);
			runOnlyForDeploymentPostprocessing = 0;
			shellPath = /bin/sh;
			shellScript = "diff \"${PODS_PODFILE_DIR_PATH}/Podfile.lock\" \"${PODS_ROOT}/Manifest.lock\" > /dev/null\nif [ $? != 0 ] ; then\n    # print error to STDERR\n    echo \"error: The sandbox is not in sync with the Podfile.lock. Run 'pod install' or update your CocoaPods installation.\" >&2\n    exit 1\nfi\n# This output is used by Xcode 'outputs' to avoid re-running this script phase.\necho \"SUCCESS\" > \"${SCRIPT_OUTPUT_FILE_0}\"\n";
			showEnvVarsInLog = 0;
		};
		40C85F299499391E53D4DB3E /* [CP] Check Pods Manifest.lock */ = {
			isa = PBXShellScriptBuildPhase;
			buildActionMask = 2147483647;
			files = (
			);
			inputPaths = (
				"${PODS_PODFILE_DIR_PATH}/Podfile.lock",
				"${PODS_ROOT}/Manifest.lock",
			);
			name = "[CP] Check Pods Manifest.lock";
			outputPaths = (
				"$(DERIVED_FILE_DIR)/Pods-NearbyTests-checkManifestLockResult.txt",
			);
			runOnlyForDeploymentPostprocessing = 0;
			shellPath = /bin/sh;
			shellScript = "diff \"${PODS_PODFILE_DIR_PATH}/Podfile.lock\" \"${PODS_ROOT}/Manifest.lock\" > /dev/null\nif [ $? != 0 ] ; then\n    # print error to STDERR\n    echo \"error: The sandbox is not in sync with the Podfile.lock. Run 'pod install' or update your CocoaPods installation.\" >&2\n    exit 1\nfi\n# This output is used by Xcode 'outputs' to avoid re-running this script phase.\necho \"SUCCESS\" > \"${SCRIPT_OUTPUT_FILE_0}\"\n";
			showEnvVarsInLog = 0;
		};
		7F8829675B3688C9A3421CFD /* [CP] Check Pods Manifest.lock */ = {
			isa = PBXShellScriptBuildPhase;
			buildActionMask = 2147483647;
			files = (
			);
			inputPaths = (
				"${PODS_PODFILE_DIR_PATH}/Podfile.lock",
				"${PODS_ROOT}/Manifest.lock",
			);
			name = "[CP] Check Pods Manifest.lock";
			outputPaths = (
				"$(DERIVED_FILE_DIR)/Pods-Nearby-checkManifestLockResult.txt",
			);
			runOnlyForDeploymentPostprocessing = 0;
			shellPath = /bin/sh;
			shellScript = "diff \"${PODS_PODFILE_DIR_PATH}/Podfile.lock\" \"${PODS_ROOT}/Manifest.lock\" > /dev/null\nif [ $? != 0 ] ; then\n    # print error to STDERR\n    echo \"error: The sandbox is not in sync with the Podfile.lock. Run 'pod install' or update your CocoaPods installation.\" >&2\n    exit 1\nfi\n# This output is used by Xcode 'outputs' to avoid re-running this script phase.\necho \"SUCCESS\" > \"${SCRIPT_OUTPUT_FILE_0}\"\n";
			showEnvVarsInLog = 0;
		};
		FDBCB99738645A9CD0517871 /* [CP] Embed Pods Frameworks */ = {
			isa = PBXShellScriptBuildPhase;
			buildActionMask = 2147483647;
			files = (
			);
			inputFileListPaths = (
				"${PODS_ROOT}/Target Support Files/Pods-Nearby/Pods-Nearby-frameworks-${CONFIGURATION}-input-files.xcfilelist",
			);
			name = "[CP] Embed Pods Frameworks";
			outputFileListPaths = (
				"${PODS_ROOT}/Target Support Files/Pods-Nearby/Pods-Nearby-frameworks-${CONFIGURATION}-output-files.xcfilelist",
			);
			runOnlyForDeploymentPostprocessing = 0;
			shellPath = /bin/sh;
			shellScript = "\"${PODS_ROOT}/Target Support Files/Pods-Nearby/Pods-Nearby-frameworks.sh\"\n";
			showEnvVarsInLog = 0;
		};
/* End PBXShellScriptBuildPhase section */

/* Begin PBXSourcesBuildPhase section */
		930FE4A720A088E5009924CA /* Sources */ = {
			isa = PBXSourcesBuildPhase;
			buildActionMask = 2147483647;
			files = (
				93C604392495149A0013C9B9 /* PlaceTableCellVM.swift in Sources */,
				930FE4EA20A089AE009924CA /* AlertManager.swift in Sources */,
				6B1C2E5420B8669600B97392 /* PlaceDetailViewModel.swift in Sources */,
				93FDAC0B20A868A400750B1D /* Place.swift in Sources */,
				93736F8720B2C34400825B5A /* CategoriesTableCollectionCellVM.swift in Sources */,
				6BC507E020B53CE500625B72 /* PlaceListController.swift in Sources */,
				6BC507E620B540FA00625B72 /* PlaceTableCell.swift in Sources */,
				93FDABFB20A8422900750B1D /* HomeViewModel.swift in Sources */,
				6B7EB5D720B7096700ABA323 /* UICollectionView+Additions.swift in Sources */,
				930FE4B120A088E5009924CA /* HomeViewController.swift in Sources */,
				93FDAC2320A950D500750B1D /* PaginationCellVM.swift in Sources */,
				93FDAC1320A8746600750B1D /* PaginationCell.swift in Sources */,
				93FDAC1E20A94D5C00750B1D /* PlaceView.swift in Sources */,
				930FE4ED20A089AE009924CA /* PlaceWebService.swift in Sources */,
				93736F8220B17B6500825B5A /* ImageAndLabelCollectionCell.swift in Sources */,
				93FDAC2A20AA7F0300750B1D /* Helper.swift in Sources */,
				93FDAC0E20A873F800750B1D /* UITableView+Additions.swift in Sources */,
				930FE4EC20A089AE009924CA /* WebServiceManager.swift in Sources */,
				930FE4EB20A089AE009924CA /* LocationManager.swift in Sources */,
				6BC507E220B53E2100625B72 /* PlaceListViewModel.swift in Sources */,
				930FE4E920A089AE009924CA /* AppConstants.swift in Sources */,
				93736F8520B17EC600825B5A /* ImageAndLabelCollectionCellVM.swift in Sources */,
				93FDAC2520A950E800750B1D /* PlacesTableCollectionCellVM.swift in Sources */,
				93FDAC1720A877BC00750B1D /* CollectionTableCell.swift in Sources */,
				930FE4AF20A088E5009924CA /* AppDelegate.swift in Sources */,
				93FDAC2720A950FD00750B1D /* PlaceViewVM.swift in Sources */,
				93291B2C247AB856000D58E4 /* PlaceDetailController.swift in Sources */,
			);
			runOnlyForDeploymentPostprocessing = 0;
		};
		930FE4BB20A088E7009924CA /* Sources */ = {
			isa = PBXSourcesBuildPhase;
			buildActionMask = 2147483647;
			files = (
				930FE4C420A088E7009924CA /* NearbyTests.swift in Sources */,
			);
			runOnlyForDeploymentPostprocessing = 0;
		};
		930FE4C620A088E7009924CA /* Sources */ = {
			isa = PBXSourcesBuildPhase;
			buildActionMask = 2147483647;
			files = (
				930FE4CF20A088E7009924CA /* NearbyUITests.swift in Sources */,
			);
			runOnlyForDeploymentPostprocessing = 0;
		};
/* End PBXSourcesBuildPhase section */

/* Begin PBXTargetDependency section */
		930FE4C120A088E7009924CA /* PBXTargetDependency */ = {
			isa = PBXTargetDependency;
			target = 930FE4AA20A088E5009924CA /* Nearby */;
			targetProxy = 930FE4C020A088E7009924CA /* PBXContainerItemProxy */;
		};
		930FE4CC20A088E7009924CA /* PBXTargetDependency */ = {
			isa = PBXTargetDependency;
			target = 930FE4AA20A088E5009924CA /* Nearby */;
			targetProxy = 930FE4CB20A088E7009924CA /* PBXContainerItemProxy */;
		};
/* End PBXTargetDependency section */

/* Begin PBXVariantGroup section */
		930FE4B220A088E5009924CA /* Main.storyboard */ = {
			isa = PBXVariantGroup;
			children = (
				930FE4B320A088E5009924CA /* Base */,
			);
			name = Main.storyboard;
			sourceTree = "<group>";
		};
		930FE4B720A088E7009924CA /* LaunchScreen.storyboard */ = {
			isa = PBXVariantGroup;
			children = (
				930FE4B820A088E7009924CA /* Base */,
			);
			name = LaunchScreen.storyboard;
			sourceTree = "<group>";
		};
/* End PBXVariantGroup section */

/* Begin XCBuildConfiguration section */
		930FE4D120A088E7009924CA /* Debug */ = {
			isa = XCBuildConfiguration;
			buildSettings = {
				ALWAYS_SEARCH_USER_PATHS = NO;
				CLANG_ANALYZER_NONNULL = YES;
				CLANG_ANALYZER_NUMBER_OBJECT_CONVERSION = YES_AGGRESSIVE;
				CLANG_CXX_LANGUAGE_STANDARD = "gnu++14";
				CLANG_CXX_LIBRARY = "libc++";
				CLANG_ENABLE_MODULES = YES;
				CLANG_ENABLE_OBJC_ARC = YES;
				CLANG_ENABLE_OBJC_WEAK = YES;
				CLANG_WARN_BLOCK_CAPTURE_AUTORELEASING = YES;
				CLANG_WARN_BOOL_CONVERSION = YES;
				CLANG_WARN_COMMA = YES;
				CLANG_WARN_CONSTANT_CONVERSION = YES;
				CLANG_WARN_DEPRECATED_OBJC_IMPLEMENTATIONS = YES;
				CLANG_WARN_DIRECT_OBJC_ISA_USAGE = YES_ERROR;
				CLANG_WARN_DOCUMENTATION_COMMENTS = YES;
				CLANG_WARN_EMPTY_BODY = YES;
				CLANG_WARN_ENUM_CONVERSION = YES;
				CLANG_WARN_INFINITE_RECURSION = YES;
				CLANG_WARN_INT_CONVERSION = YES;
				CLANG_WARN_NON_LITERAL_NULL_CONVERSION = YES;
				CLANG_WARN_OBJC_IMPLICIT_RETAIN_SELF = YES;
				CLANG_WARN_OBJC_LITERAL_CONVERSION = YES;
				CLANG_WARN_OBJC_ROOT_CLASS = YES_ERROR;
				CLANG_WARN_RANGE_LOOP_ANALYSIS = YES;
				CLANG_WARN_STRICT_PROTOTYPES = YES;
				CLANG_WARN_SUSPICIOUS_MOVE = YES;
				CLANG_WARN_UNGUARDED_AVAILABILITY = YES_AGGRESSIVE;
				CLANG_WARN_UNREACHABLE_CODE = YES;
				CLANG_WARN__DUPLICATE_METHOD_MATCH = YES;
				CODE_SIGN_IDENTITY = "iPhone Developer";
				COPY_PHASE_STRIP = NO;
				DEBUG_INFORMATION_FORMAT = dwarf;
				ENABLE_STRICT_OBJC_MSGSEND = YES;
				ENABLE_TESTABILITY = YES;
				GCC_C_LANGUAGE_STANDARD = gnu11;
				GCC_DYNAMIC_NO_PIC = NO;
				GCC_NO_COMMON_BLOCKS = YES;
				GCC_OPTIMIZATION_LEVEL = 0;
				GCC_PREPROCESSOR_DEFINITIONS = (
					"DEBUG=1",
					"$(inherited)",
				);
				GCC_WARN_64_TO_32_BIT_CONVERSION = YES;
				GCC_WARN_ABOUT_RETURN_TYPE = YES_ERROR;
				GCC_WARN_UNDECLARED_SELECTOR = YES;
				GCC_WARN_UNINITIALIZED_AUTOS = YES_AGGRESSIVE;
				GCC_WARN_UNUSED_FUNCTION = YES;
				GCC_WARN_UNUSED_VARIABLE = YES;
				IPHONEOS_DEPLOYMENT_TARGET = 11.3;
				MTL_ENABLE_DEBUG_INFO = YES;
				ONLY_ACTIVE_ARCH = YES;
				SDKROOT = iphoneos;
				SWIFT_ACTIVE_COMPILATION_CONDITIONS = DEBUG;
				SWIFT_OPTIMIZATION_LEVEL = "-Onone";
			};
			name = Debug;
		};
		930FE4D220A088E7009924CA /* Release */ = {
			isa = XCBuildConfiguration;
			buildSettings = {
				ALWAYS_SEARCH_USER_PATHS = NO;
				CLANG_ANALYZER_NONNULL = YES;
				CLANG_ANALYZER_NUMBER_OBJECT_CONVERSION = YES_AGGRESSIVE;
				CLANG_CXX_LANGUAGE_STANDARD = "gnu++14";
				CLANG_CXX_LIBRARY = "libc++";
				CLANG_ENABLE_MODULES = YES;
				CLANG_ENABLE_OBJC_ARC = YES;
				CLANG_ENABLE_OBJC_WEAK = YES;
				CLANG_WARN_BLOCK_CAPTURE_AUTORELEASING = YES;
				CLANG_WARN_BOOL_CONVERSION = YES;
				CLANG_WARN_COMMA = YES;
				CLANG_WARN_CONSTANT_CONVERSION = YES;
				CLANG_WARN_DEPRECATED_OBJC_IMPLEMENTATIONS = YES;
				CLANG_WARN_DIRECT_OBJC_ISA_USAGE = YES_ERROR;
				CLANG_WARN_DOCUMENTATION_COMMENTS = YES;
				CLANG_WARN_EMPTY_BODY = YES;
				CLANG_WARN_ENUM_CONVERSION = YES;
				CLANG_WARN_INFINITE_RECURSION = YES;
				CLANG_WARN_INT_CONVERSION = YES;
				CLANG_WARN_NON_LITERAL_NULL_CONVERSION = YES;
				CLANG_WARN_OBJC_IMPLICIT_RETAIN_SELF = YES;
				CLANG_WARN_OBJC_LITERAL_CONVERSION = YES;
				CLANG_WARN_OBJC_ROOT_CLASS = YES_ERROR;
				CLANG_WARN_RANGE_LOOP_ANALYSIS = YES;
				CLANG_WARN_STRICT_PROTOTYPES = YES;
				CLANG_WARN_SUSPICIOUS_MOVE = YES;
				CLANG_WARN_UNGUARDED_AVAILABILITY = YES_AGGRESSIVE;
				CLANG_WARN_UNREACHABLE_CODE = YES;
				CLANG_WARN__DUPLICATE_METHOD_MATCH = YES;
				CODE_SIGN_IDENTITY = "iPhone Developer";
				COPY_PHASE_STRIP = NO;
				DEBUG_INFORMATION_FORMAT = "dwarf-with-dsym";
				ENABLE_NS_ASSERTIONS = NO;
				ENABLE_STRICT_OBJC_MSGSEND = YES;
				GCC_C_LANGUAGE_STANDARD = gnu11;
				GCC_NO_COMMON_BLOCKS = YES;
				GCC_WARN_64_TO_32_BIT_CONVERSION = YES;
				GCC_WARN_ABOUT_RETURN_TYPE = YES_ERROR;
				GCC_WARN_UNDECLARED_SELECTOR = YES;
				GCC_WARN_UNINITIALIZED_AUTOS = YES_AGGRESSIVE;
				GCC_WARN_UNUSED_FUNCTION = YES;
				GCC_WARN_UNUSED_VARIABLE = YES;
				IPHONEOS_DEPLOYMENT_TARGET = 11.3;
				MTL_ENABLE_DEBUG_INFO = NO;
				SDKROOT = iphoneos;
				SWIFT_COMPILATION_MODE = wholemodule;
				SWIFT_OPTIMIZATION_LEVEL = "-O";
				VALIDATE_PRODUCT = YES;
			};
			name = Release;
		};
		930FE4D420A088E7009924CA /* Debug */ = {
			isa = XCBuildConfiguration;
			baseConfigurationReference = 4B7CDE84B13B18767FC81AB4 /* Pods-Nearby.debug.xcconfig */;
			buildSettings = {
				ASSETCATALOG_COMPILER_APPICON_NAME = AppIcon;
				CODE_SIGN_IDENTITY = "iPhone Developer";
				CODE_SIGN_STYLE = Automatic;
				DEVELOPMENT_TEAM = M35DLYREN6;
				INFOPLIST_FILE = Nearby/Info.plist;
				IPHONEOS_DEPLOYMENT_TARGET = 13.0;
				LD_RUNPATH_SEARCH_PATHS = (
					"$(inherited)",
					"@executable_path/Frameworks",
				);
				PRODUCT_BUNDLE_IDENTIFIER = abhisek.Nearby;
				PRODUCT_NAME = "$(TARGET_NAME)";
				PROVISIONING_PROFILE_SPECIFIER = "";
				SWIFT_VERSION = 5.0;
				TARGETED_DEVICE_FAMILY = "1,2";
			};
			name = Debug;
		};
		930FE4D520A088E7009924CA /* Release */ = {
			isa = XCBuildConfiguration;
			baseConfigurationReference = 8FA8DA42E62A8A590F6B7B7E /* Pods-Nearby.release.xcconfig */;
			buildSettings = {
				ASSETCATALOG_COMPILER_APPICON_NAME = AppIcon;
				CODE_SIGN_IDENTITY = "iPhone Developer";
				CODE_SIGN_STYLE = Automatic;
				DEVELOPMENT_TEAM = M35DLYREN6;
				INFOPLIST_FILE = Nearby/Info.plist;
				IPHONEOS_DEPLOYMENT_TARGET = 13.0;
				LD_RUNPATH_SEARCH_PATHS = (
					"$(inherited)",
					"@executable_path/Frameworks",
				);
				PRODUCT_BUNDLE_IDENTIFIER = abhisek.Nearby;
				PRODUCT_NAME = "$(TARGET_NAME)";
				PROVISIONING_PROFILE_SPECIFIER = "";
				SWIFT_VERSION = 5.0;
				TARGETED_DEVICE_FAMILY = "1,2";
			};
			name = Release;
		};
		930FE4D720A088E7009924CA /* Debug */ = {
			isa = XCBuildConfiguration;
			baseConfigurationReference = 725D912AB3FA7E3D82295F77 /* Pods-NearbyTests.debug.xcconfig */;
			buildSettings = {
				ALWAYS_EMBED_SWIFT_STANDARD_LIBRARIES = YES;
				BUNDLE_LOADER = "$(TEST_HOST)";
				CODE_SIGN_STYLE = Automatic;
				INFOPLIST_FILE = NearbyTests/Info.plist;
				LD_RUNPATH_SEARCH_PATHS = (
					"$(inherited)",
					"@executable_path/Frameworks",
					"@loader_path/Frameworks",
				);
				PRODUCT_BUNDLE_IDENTIFIER = kuliza.NearbyTests;
				PRODUCT_NAME = "$(TARGET_NAME)";
				SWIFT_VERSION = 5.0;
				TARGETED_DEVICE_FAMILY = "1,2";
				TEST_HOST = "$(BUILT_PRODUCTS_DIR)/Nearby.app/Nearby";
			};
			name = Debug;
		};
		930FE4D820A088E7009924CA /* Release */ = {
			isa = XCBuildConfiguration;
			baseConfigurationReference = 9BCF51E687CFB91F0AC0C9C1 /* Pods-NearbyTests.release.xcconfig */;
			buildSettings = {
				ALWAYS_EMBED_SWIFT_STANDARD_LIBRARIES = YES;
				BUNDLE_LOADER = "$(TEST_HOST)";
				CODE_SIGN_STYLE = Automatic;
				INFOPLIST_FILE = NearbyTests/Info.plist;
				LD_RUNPATH_SEARCH_PATHS = (
					"$(inherited)",
					"@executable_path/Frameworks",
					"@loader_path/Frameworks",
				);
				PRODUCT_BUNDLE_IDENTIFIER = kuliza.NearbyTests;
				PRODUCT_NAME = "$(TARGET_NAME)";
				SWIFT_VERSION = 5.0;
				TARGETED_DEVICE_FAMILY = "1,2";
				TEST_HOST = "$(BUILT_PRODUCTS_DIR)/Nearby.app/Nearby";
			};
			name = Release;
		};
		930FE4DA20A088E7009924CA /* Debug */ = {
			isa = XCBuildConfiguration;
			baseConfigurationReference = 2699C72BB62BE3C1AF2D32B6 /* Pods-NearbyUITests.debug.xcconfig */;
			buildSettings = {
				ALWAYS_EMBED_SWIFT_STANDARD_LIBRARIES = YES;
				CODE_SIGN_STYLE = Automatic;
				INFOPLIST_FILE = NearbyUITests/Info.plist;
				LD_RUNPATH_SEARCH_PATHS = (
					"$(inherited)",
					"@executable_path/Frameworks",
					"@loader_path/Frameworks",
				);
				PRODUCT_BUNDLE_IDENTIFIER = kuliza.NearbyUITests;
				PRODUCT_NAME = "$(TARGET_NAME)";
				SWIFT_VERSION = 5.0;
				TARGETED_DEVICE_FAMILY = "1,2";
				TEST_TARGET_NAME = Nearby;
			};
			name = Debug;
		};
		930FE4DB20A088E7009924CA /* Release */ = {
			isa = XCBuildConfiguration;
			baseConfigurationReference = 7C49B72AB9096F2410012576 /* Pods-NearbyUITests.release.xcconfig */;
			buildSettings = {
				ALWAYS_EMBED_SWIFT_STANDARD_LIBRARIES = YES;
				CODE_SIGN_STYLE = Automatic;
				INFOPLIST_FILE = NearbyUITests/Info.plist;
				LD_RUNPATH_SEARCH_PATHS = (
					"$(inherited)",
					"@executable_path/Frameworks",
					"@loader_path/Frameworks",
				);
				PRODUCT_BUNDLE_IDENTIFIER = kuliza.NearbyUITests;
				PRODUCT_NAME = "$(TARGET_NAME)";
				SWIFT_VERSION = 5.0;
				TARGETED_DEVICE_FAMILY = "1,2";
				TEST_TARGET_NAME = Nearby;
			};
			name = Release;
		};
/* End XCBuildConfiguration section */

/* Begin XCConfigurationList section */
		930FE4A620A088E5009924CA /* Build configuration list for PBXProject "Nearby" */ = {
			isa = XCConfigurationList;
			buildConfigurations = (
				930FE4D120A088E7009924CA /* Debug */,
				930FE4D220A088E7009924CA /* Release */,
			);
			defaultConfigurationIsVisible = 0;
			defaultConfigurationName = Release;
		};
		930FE4D320A088E7009924CA /* Build configuration list for PBXNativeTarget "Nearby" */ = {
			isa = XCConfigurationList;
			buildConfigurations = (
				930FE4D420A088E7009924CA /* Debug */,
				930FE4D520A088E7009924CA /* Release */,
			);
			defaultConfigurationIsVisible = 0;
			defaultConfigurationName = Release;
		};
		930FE4D620A088E7009924CA /* Build configuration list for PBXNativeTarget "NearbyTests" */ = {
			isa = XCConfigurationList;
			buildConfigurations = (
				930FE4D720A088E7009924CA /* Debug */,
				930FE4D820A088E7009924CA /* Release */,
			);
			defaultConfigurationIsVisible = 0;
			defaultConfigurationName = Release;
		};
		930FE4D920A088E7009924CA /* Build configuration list for PBXNativeTarget "NearbyUITests" */ = {
			isa = XCConfigurationList;
			buildConfigurations = (
				930FE4DA20A088E7009924CA /* Debug */,
				930FE4DB20A088E7009924CA /* Release */,
			);
			defaultConfigurationIsVisible = 0;
			defaultConfigurationName = Release;
		};
/* End XCConfigurationList section */
	};
	rootObject = 930FE4A320A088E5009924CA /* Project object */;
}
